{
    "_readme": [
        "This file locks the dependencies of your project to a known state",
        "Read more about it at https://getcomposer.org/doc/01-basic-usage.md#composer-lock-the-lock-file",
        "This file is @generated automatically"
    ],
    "hash": "dc1aa2dd59073c685aee362d442cb1d5",
    "packages": [
        {
            "name": "wsdltophp/packagebase",
            "version": "dev-master",
            "source": {
                "type": "git",
                "url": "https://github.com/WsdlToPhp/PackageBase.git",
                "reference": "d160b5eed88eb911f32361f93f11a7192c44a5e4"
            },
            "dist": {
                "type": "zip",
                "url": "https://api.github.com/repos/WsdlToPhp/PackageBase/zipball/d160b5eed88eb911f32361f93f11a7192c44a5e4",
                "reference": "d160b5eed88eb911f32361f93f11a7192c44a5e4",
                "shasum": ""
            },
            "require": {
                "php": ">=5.3.3"
            },
            "require-dev": {
                "fabpot/php-cs-fixer": "~1.8"
            },
            "type": "library",
            "autoload": {
                "psr-4": {
                    "WsdlToPhp\\PackageBase\\": "src",
                    "WsdlToPhp\\PackageBase\\Tests\\": "tests"
                }
            },
            "notification-url": "https://packagist.org/downloads/",
            "license": [
                "MIT"
            ],
            "authors": [
                {
                    "name": "Mikaël DELSOL",
                    "email": "contact@wsdltophp.com",
                    "role": "Owner"
                }
            ],
            "description": "Contains the base classes to be used by classes generated by wsdltophp/packagegenerator",
            "homepage": "https://github.com/WsdlToPhp/PackageBase",
            "keywords": [
                "models",
                "php"
            ],
            "time": "2015-09-29 15:15:38"
        }
    ],
    "packages-dev": [],
    "aliases": [],
    "minimum-stability": "stable",
    "stability-flags": {
        "wsdltophp/packagebase": 20
    },
    "prefer-stable": false,
    "prefer-lowest": false,
    "platform": {
        "php": ">=5.3.3",
        "ext-soap": "*"
    },
    "platform-dev": []
}
